
Microsoft Visual Studio Solution File, Format Version 12.00
# Visual Studio 15
VisualStudioVersion = 15.0.28307.136
MinimumVisualStudioVersion = 10.0.40219.1
Project("{FAE04EC0-301F-11D3-BF4B-00C04F79EFBC}") = "Calculator", "Calculator\Calculator.csproj", "{0286AB09-B060-4A55-B55D-F7646A693633}"
EndProject
Global
	GlobalSection(SolutionConfigurationPlatforms) = preSolution
		Debug|Any CPU = Debug|Any CPU
		Release|Any CPU = Release|Any CPU
	EndGlobalSection
	GlobalSection(ProjectConfigurationPlatforms) = postSolution
		{0286AB09-B060-4A55-B55D-F7646A693633}.Debug|Any CPU.ActiveCfg = Debug|Any CPU
		{0286AB09-B060-4A55-B55D-F7646A693633}.Debug|Any CPU.Build.0 = Debug|Any CPU
		{0286AB09-B060-4A55-B55D-F7646A693633}.Release|Any CPU.ActiveCfg = Release|Any CPU
		{0286AB09-B060-4A55-B55D-F7646A693633}.Release|Any CPU.Build.0 = Release|Any CPU
	EndGlobalSection
	GlobalSection(SolutionProperties) = preSolution
		HideSolutionNode = FALSE
	EndGlobalSection
	GlobalSection(ExtensibilityGlobals) = postSolution
		SolutionGuid = {623595FE-2A4C-4A78-B808-5217CF6EF4C3}
	EndGlobalSection
EndGlobal
